
Microsoft Visual Studio Solution File, Format Version 12.00
# Visual Studio Version 17
VisualStudioVersion = 17.9.34701.34
MinimumVisualStudioVersion = 10.0.40219.1
Project("{FAE04EC0-301F-11D3-BF4B-00C04F79EFBC}") = "PocExpandJson", "PocExpandJson\PocExpandJson.csproj", "{3020238C-7545-4D8B-9455-76D33EF96472}"
EndProject
Global
	GlobalSection(SolutionConfigurationPlatforms) = preSolution
		Debug|Any CPU = Debug|Any CPU
		Release|Any CPU = Release|Any CPU
	EndGlobalSection
	GlobalSection(ProjectConfigurationPlatforms) = postSolution
		{3020238C-7545-4D8B-9455-76D33EF96472}.Debug|Any CPU.ActiveCfg = Debug|Any CPU
		{3020238C-7545-4D8B-9455-76D33EF96472}.Debug|Any CPU.Build.0 = Debug|Any CPU
		{3020238C-7545-4D8B-9455-76D33EF96472}.Release|Any CPU.ActiveCfg = Release|Any CPU
		{3020238C-7545-4D8B-9455-76D33EF96472}.Release|Any CPU.Build.0 = Release|Any CPU
	EndGlobalSection
	GlobalSection(SolutionProperties) = preSolution
		HideSolutionNode = FALSE
	EndGlobalSection
	GlobalSection(ExtensibilityGlobals) = postSolution
		SolutionGuid = {6B56255B-F537-4B46-92A3-9674384E48F5}
	EndGlobalSection
EndGlobal
